
Microsoft Visual Studio Solution File, Format Version 12.00
# Visual Studio Version 16
VisualStudioVersion = 25.0.1703.7
MinimumVisualStudioVersion = 10.0.40219.1
Project("{FAE04EC0-301F-11D3-BF4B-00C04F79EFBC}") = "GestionDeGarage", "GestionDeGarage.csproj", "{1B1F8C84-2656-452C-8032-A1781D254399}"
EndProject
Global
	GlobalSection(SolutionConfigurationPlatforms) = preSolution
		Debug|Any CPU = Debug|Any CPU
		Release|Any CPU = Release|Any CPU
	EndGlobalSection
	GlobalSection(ProjectConfigurationPlatforms) = postSolution
		{1B1F8C84-2656-452C-8032-A1781D254399}.Debug|Any CPU.ActiveCfg = Debug|Any CPU
		{1B1F8C84-2656-452C-8032-A1781D254399}.Debug|Any CPU.Build.0 = Debug|Any CPU
		{1B1F8C84-2656-452C-8032-A1781D254399}.Release|Any CPU.ActiveCfg = Release|Any CPU
		{1B1F8C84-2656-452C-8032-A1781D254399}.Release|Any CPU.Build.0 = Release|Any CPU
	EndGlobalSection
	GlobalSection(SolutionProperties) = preSolution
		HideSolutionNode = FALSE
	EndGlobalSection
	GlobalSection(ExtensibilityGlobals) = postSolution
		SolutionGuid = {5CB4E524-F7FE-4716-9C01-464E07E6E78F}
	EndGlobalSection
EndGlobal
